
Microsoft Visual Studio Solution File, Format Version 12.00
# Visual Studio 15
VisualStudioVersion = 15.0.26730.10
MinimumVisualStudioVersion = 10.0.40219.1
Project("{FAE04EC0-301F-11D3-BF4B-00C04F79EFBC}") = "Exercicio5", "Exercicio5\Exercicio5.csproj", "{CFBCD4C3-5777-40FB-992D-62A0D3E3E266}"
EndProject
Global
	GlobalSection(SolutionConfigurationPlatforms) = preSolution
		Debug|Any CPU = Debug|Any CPU
		Release|Any CPU = Release|Any CPU
	EndGlobalSection
	GlobalSection(ProjectConfigurationPlatforms) = postSolution
		{CFBCD4C3-5777-40FB-992D-62A0D3E3E266}.Debug|Any CPU.ActiveCfg = Debug|Any CPU
		{CFBCD4C3-5777-40FB-992D-62A0D3E3E266}.Debug|Any CPU.Build.0 = Debug|Any CPU
		{CFBCD4C3-5777-40FB-992D-62A0D3E3E266}.Release|Any CPU.ActiveCfg = Release|Any CPU
		{CFBCD4C3-5777-40FB-992D-62A0D3E3E266}.Release|Any CPU.Build.0 = Release|Any CPU
	EndGlobalSection
	GlobalSection(SolutionProperties) = preSolution
		HideSolutionNode = FALSE
	EndGlobalSection
	GlobalSection(ExtensibilityGlobals) = postSolution
		SolutionGuid = {139BAAF9-48F1-4A01-818A-816854BC697D}
	EndGlobalSection
EndGlobal
