
Microsoft Visual Studio Solution File, Format Version 12.00
# Visual Studio 15
VisualStudioVersion = 15.0.26730.10
MinimumVisualStudioVersion = 10.0.40219.1
Project("{FAE04EC0-301F-11D3-BF4B-00C04F79EFBC}") = "Exercicio2", "Exercicio2\Exercicio2.csproj", "{B18E0D2F-781A-4F97-9721-0E4860EB3D90}"
EndProject
Global
	GlobalSection(SolutionConfigurationPlatforms) = preSolution
		Debug|Any CPU = Debug|Any CPU
		Release|Any CPU = Release|Any CPU
	EndGlobalSection
	GlobalSection(ProjectConfigurationPlatforms) = postSolution
		{B18E0D2F-781A-4F97-9721-0E4860EB3D90}.Debug|Any CPU.ActiveCfg = Debug|Any CPU
		{B18E0D2F-781A-4F97-9721-0E4860EB3D90}.Debug|Any CPU.Build.0 = Debug|Any CPU
		{B18E0D2F-781A-4F97-9721-0E4860EB3D90}.Release|Any CPU.ActiveCfg = Release|Any CPU
		{B18E0D2F-781A-4F97-9721-0E4860EB3D90}.Release|Any CPU.Build.0 = Release|Any CPU
	EndGlobalSection
	GlobalSection(SolutionProperties) = preSolution
		HideSolutionNode = FALSE
	EndGlobalSection
	GlobalSection(ExtensibilityGlobals) = postSolution
		SolutionGuid = {4E64D132-D125-4C9E-BA7E-7A7B926D145C}
	EndGlobalSection
EndGlobal
